
Microsoft Visual Studio Solution File, Format Version 12.00
# Visual Studio 15
VisualStudioVersion = 15.0.28307.421
MinimumVisualStudioVersion = 10.0.40219.1
Project("{FAE04EC0-301F-11D3-BF4B-00C04F79EFBC}") = "app.Android", "app\app.Android\app.Android.csproj", "{7A4D4FFD-9CE8-478F-A802-569FEE3CE504}"
EndProject
Project("{FAE04EC0-301F-11D3-BF4B-00C04F79EFBC}") = "app.iOS", "app\app.iOS\app.iOS.csproj", "{13FC209A-D108-497F-B8C9-F8B39388316C}"
EndProject
Project("{FAE04EC0-301F-11D3-BF4B-00C04F79EFBC}") = "app", "app\app\app.csproj", "{41A80D43-E5D3-4057-99C2-FD70972EB4CF}"
EndProject
Global
	GlobalSection(SolutionConfigurationPlatforms) = preSolution
		Ad-Hoc|Any CPU = Ad-Hoc|Any CPU
		Ad-Hoc|iPhone = Ad-Hoc|iPhone
		Ad-Hoc|iPhoneSimulator = Ad-Hoc|iPhoneSimulator
		AppStore|Any CPU = AppStore|Any CPU
		AppStore|iPhone = AppStore|iPhone
		AppStore|iPhoneSimulator = AppStore|iPhoneSimulator
		Debug|Any CPU = Debug|Any CPU
		Debug|iPhone = Debug|iPhone
		Debug|iPhoneSimulator = Debug|iPhoneSimulator
		Release|Any CPU = Release|Any CPU
		Release|iPhone = Release|iPhone
		Release|iPhoneSimulator = Release|iPhoneSimulator
	EndGlobalSection
	GlobalSection(ProjectConfigurationPlatforms) = postSolution
		{7A4D4FFD-9CE8-478F-A802-569FEE3CE504}.Ad-Hoc|Any CPU.ActiveCfg = Release|Any CPU
		{7A4D4FFD-9CE8-478F-A802-569FEE3CE504}.Ad-Hoc|Any CPU.Build.0 = Release|Any CPU
		{7A4D4FFD-9CE8-478F-A802-569FEE3CE504}.Ad-Hoc|Any CPU.Deploy.0 = Release|Any CPU
		{7A4D4FFD-9CE8-478F-A802-569FEE3CE504}.Ad-Hoc|iPhone.ActiveCfg = Release|Any CPU
		{7A4D4FFD-9CE8-478F-A802-569FEE3CE504}.Ad-Hoc|iPhone.Build.0 = Release|Any CPU
		{7A4D4FFD-9CE8-478F-A802-569FEE3CE504}.Ad-Hoc|iPhone.Deploy.0 = Release|Any CPU
		{7A4D4FFD-9CE8-478F-A802-569FEE3CE504}.Ad-Hoc|iPhoneSimulator.ActiveCfg = Release|Any CPU
		{7A4D4FFD-9CE8-478F-A802-569FEE3CE504}.Ad-Hoc|iPhoneSimulator.Build.0 = Release|Any CPU
		{7A4D4FFD-9CE8-478F-A802-569FEE3CE504}.Ad-Hoc|iPhoneSimulator.Deploy.0 = Release|Any CPU
		{7A4D4FFD-9CE8-478F-A802-569FEE3CE504}.AppStore|Any CPU.ActiveCfg = Release|Any CPU
		{7A4D4FFD-9CE8-478F-A802-569FEE3CE504}.AppStore|Any CPU.Build.0 = Release|Any CPU
		{7A4D4FFD-9CE8-478F-A802-569FEE3CE504}.AppStore|Any CPU.Deploy.0 = Release|Any CPU
		{7A4D4FFD-9CE8-478F-A802-569FEE3CE504}.AppStore|iPhone.ActiveCfg = Release|Any CPU
		{7A4D4FFD-9CE8-478F-A802-569FEE3CE504}.AppStore|iPhone.Build.0 = Release|Any CPU
		{7A4D4FFD-9CE8-478F-A802-569FEE3CE504}.AppStore|iPhone.Deploy.0 = Release|Any CPU
		{7A4D4FFD-9CE8-478F-A802-569FEE3CE504}.AppStore|iPhoneSimulator.ActiveCfg = Release|Any CPU
		{7A4D4FFD-9CE8-478F-A802-569FEE3CE504}.AppStore|iPhoneSimulator.Build.0 = Release|Any CPU
		{7A4D4FFD-9CE8-478F-A802-569FEE3CE504}.AppStore|iPhoneSimulator.Deploy.0 = Release|Any CPU
		{7A4D4FFD-9CE8-478F-A802-569FEE3CE504}.Debug|Any CPU.ActiveCfg = Debug|Any CPU
		{7A4D4FFD-9CE8-478F-A802-569FEE3CE504}.Debug|Any CPU.Build.0 = Debug|Any CPU
		{7A4D4FFD-9CE8-478F-A802-569FEE3CE504}.Debug|Any CPU.Deploy.0 = Debug|Any CPU
		{7A4D4FFD-9CE8-478F-A802-569FEE3CE504}.Debug|iPhone.ActiveCfg = Debug|Any CPU
		{7A4D4FFD-9CE8-478F-A802-569FEE3CE504}.Debug|iPhone.Build.0 = Debug|Any CPU
		{7A4D4FFD-9CE8-478F-A802-569FEE3CE504}.Debug|iPhone.Deploy.0 = Debug|Any CPU
		{7A4D4FFD-9CE8-478F-A802-569FEE3CE504}.Debug|iPhoneSimulator.ActiveCfg = Debug|Any CPU
		{7A4D4FFD-9CE8-478F-A802-569FEE3CE504}.Debug|iPhoneSimulator.Build.0 = Debug|Any CPU
		{7A4D4FFD-9CE8-478F-A802-569FEE3CE504}.Debug|iPhoneSimulator.Deploy.0 = Debug|Any CPU
		{7A4D4FFD-9CE8-478F-A802-569FEE3CE504}.Release|Any CPU.ActiveCfg = Release|Any CPU
		{7A4D4FFD-9CE8-478F-A802-569FEE3CE504}.Release|Any CPU.Build.0 = Release|Any CPU
		{7A4D4FFD-9CE8-478F-A802-569FEE3CE504}.Release|Any CPU.Deploy.0 = Release|Any CPU
		{7A4D4FFD-9CE8-478F-A802-569FEE3CE504}.Release|iPhone.ActiveCfg = Release|Any CPU
		{7A4D4FFD-9CE8-478F-A802-569FEE3CE504}.Release|iPhone.Build.0 = Release|Any CPU
		{7A4D4FFD-9CE8-478F-A802-569FEE3CE504}.Release|iPhone.Deploy.0 = Release|Any CPU
		{7A4D4FFD-9CE8-478F-A802-569FEE3CE504}.Release|iPhoneSimulator.ActiveCfg = Release|Any CPU
		{7A4D4FFD-9CE8-478F-A802-569FEE3CE504}.Release|iPhoneSimulator.Build.0 = Release|Any CPU
		{7A4D4FFD-9CE8-478F-A802-569FEE3CE504}.Release|iPhoneSimulator.Deploy.0 = Release|Any CPU
		{13FC209A-D108-497F-B8C9-F8B39388316C}.Ad-Hoc|Any CPU.ActiveCfg = Ad-Hoc|iPhone
		{13FC209A-D108-497F-B8C9-F8B39388316C}.Ad-Hoc|Any CPU.Build.0 = Ad-Hoc|iPhone
		{13FC209A-D108-497F-B8C9-F8B39388316C}.Ad-Hoc|Any CPU.Deploy.0 = Ad-Hoc|iPhone
		{13FC209A-D108-497F-B8C9-F8B39388316C}.Ad-Hoc|iPhone.ActiveCfg = Ad-Hoc|iPhone
		{13FC209A-D108-497F-B8C9-F8B39388316C}.Ad-Hoc|iPhone.Build.0 = Ad-Hoc|iPhone
		{13FC209A-D108-497F-B8C9-F8B39388316C}.Ad-Hoc|iPhone.Deploy.0 = Ad-Hoc|iPhone
		{13FC209A-D108-497F-B8C9-F8B39388316C}.Ad-Hoc|iPhoneSimulator.ActiveCfg = Ad-Hoc|iPhoneSimulator
		{13FC209A-D108-497F-B8C9-F8B39388316C}.Ad-Hoc|iPhoneSimulator.Build.0 = Ad-Hoc|iPhoneSimulator
		{13FC209A-D108-497F-B8C9-F8B39388316C}.Ad-Hoc|iPhoneSimulator.Deploy.0 = Ad-Hoc|iPhoneSimulator
		{13FC209A-D108-497F-B8C9-F8B39388316C}.AppStore|Any CPU.ActiveCfg = AppStore|iPhone
		{13FC209A-D108-497F-B8C9-F8B39388316C}.AppStore|Any CPU.Build.0 = AppStore|iPhone
		{13FC209A-D108-497F-B8C9-F8B39388316C}.AppStore|Any CPU.Deploy.0 = AppStore|iPhone
		{13FC209A-D108-497F-B8C9-F8B39388316C}.AppStore|iPhone.ActiveCfg = AppStore|iPhone
		{13FC209A-D108-497F-B8C9-F8B39388316C}.AppStore|iPhone.Build.0 = AppStore|iPhone
		{13FC209A-D108-497F-B8C9-F8B39388316C}.AppStore|iPhone.Deploy.0 = AppStore|iPhone
		{13FC209A-D108-497F-B8C9-F8B39388316C}.AppStore|iPhoneSimulator.ActiveCfg = AppStore|iPhoneSimulator
		{13FC209A-D108-497F-B8C9-F8B39388316C}.AppStore|iPhoneSimulator.Build.0 = AppStore|iPhoneSimulator
		{13FC209A-D108-497F-B8C9-F8B39388316C}.AppStore|iPhoneSimulator.Deploy.0 = AppStore|iPhoneSimulator
		{13FC209A-D108-497F-B8C9-F8B39388316C}.Debug|Any CPU.ActiveCfg = Debug|iPhoneSimulator
		{13FC209A-D108-497F-B8C9-F8B39388316C}.Debug|Any CPU.Build.0 = Debug|iPhoneSimulator
		{13FC209A-D108-497F-B8C9-F8B39388316C}.Debug|Any CPU.Deploy.0 = Debug|iPhoneSimulator
		{13FC209A-D108-497F-B8C9-F8B39388316C}.Debug|iPhone.ActiveCfg = Debug|iPhone
		{13FC209A-D108-497F-B8C9-F8B39388316C}.Debug|iPhone.Build.0 = Debug|iPhone
		{13FC209A-D108-497F-B8C9-F8B39388316C}.Debug|iPhone.Deploy.0 = Debug|iPhone
		{13FC209A-D108-497F-B8C9-F8B39388316C}.Debug|iPhoneSimulator.ActiveCfg = Debug|iPhoneSimulator
		{13FC209A-D108-497F-B8C9-F8B39388316C}.Debug|iPhoneSimulator.Build.0 = Debug|iPhoneSimulator
		{13FC209A-D108-497F-B8C9-F8B39388316C}.Debug|iPhoneSimulator.Deploy.0 = Debug|iPhoneSimulator
		{13FC209A-D108-497F-B8C9-F8B39388316C}.Release|Any CPU.ActiveCfg = Release|iPhone
		{13FC209A-D108-497F-B8C9-F8B39388316C}.Release|Any CPU.Build.0 = Release|iPhone
		{13FC209A-D108-497F-B8C9-F8B39388316C}.Release|Any CPU.Deploy.0 = Release|iPhone
		{13FC209A-D108-497F-B8C9-F8B39388316C}.Release|iPhone.ActiveCfg = Release|iPhone
		{13FC209A-D108-497F-B8C9-F8B39388316C}.Release|iPhone.Build.0 = Release|iPhone
		{13FC209A-D108-497F-B8C9-F8B39388316C}.Release|iPhone.Deploy.0 = Release|iPhone
		{13FC209A-D108-497F-B8C9-F8B39388316C}.Release|iPhoneSimulator.ActiveCfg = Release|iPhoneSimulator
		{13FC209A-D108-497F-B8C9-F8B39388316C}.Release|iPhoneSimulator.Build.0 = Release|iPhoneSimulator
		{13FC209A-D108-497F-B8C9-F8B39388316C}.Release|iPhoneSimulator.Deploy.0 = Release|iPhoneSimulator
		{41A80D43-E5D3-4057-99C2-FD70972EB4CF}.Ad-Hoc|Any CPU.ActiveCfg = Debug|Any CPU
		{41A80D43-E5D3-4057-99C2-FD70972EB4CF}.Ad-Hoc|Any CPU.Build.0 = Debug|Any CPU
		{41A80D43-E5D3-4057-99C2-FD70972EB4CF}.Ad-Hoc|Any CPU.Deploy.0 = Debug|Any CPU
		{41A80D43-E5D3-4057-99C2-FD70972EB4CF}.Ad-Hoc|iPhone.ActiveCfg = Debug|Any CPU
		{41A80D43-E5D3-4057-99C2-FD70972EB4CF}.Ad-Hoc|iPhone.Build.0 = Debug|Any CPU
		{41A80D43-E5D3-4057-99C2-FD70972EB4CF}.Ad-Hoc|iPhone.Deploy.0 = Debug|Any CPU
		{41A80D43-E5D3-4057-99C2-FD70972EB4CF}.Ad-Hoc|iPhoneSimulator.ActiveCfg = Debug|Any CPU
		{41A80D43-E5D3-4057-99C2-FD70972EB4CF}.Ad-Hoc|iPhoneSimulator.Build.0 = Debug|Any CPU
		{41A80D43-E5D3-4057-99C2-FD70972EB4CF}.Ad-Hoc|iPhoneSimulator.Deploy.0 = Debug|Any CPU
		{41A80D43-E5D3-4057-99C2-FD70972EB4CF}.AppStore|Any CPU.ActiveCfg = Debug|Any CPU
		{41A80D43-E5D3-4057-99C2-FD70972EB4CF}.AppStore|Any CPU.Build.0 = Debug|Any CPU
		{41A80D43-E5D3-4057-99C2-FD70972EB4CF}.AppStore|Any CPU.Deploy.0 = Debug|Any CPU
		{41A80D43-E5D3-4057-99C2-FD70972EB4CF}.AppStore|iPhone.ActiveCfg = Debug|Any CPU
		{41A80D43-E5D3-4057-99C2-FD70972EB4CF}.AppStore|iPhone.Build.0 = Debug|Any CPU
		{41A80D43-E5D3-4057-99C2-FD70972EB4CF}.AppStore|iPhone.Deploy.0 = Debug|Any CPU
		{41A80D43-E5D3-4057-99C2-FD70972EB4CF}.AppStore|iPhoneSimulator.ActiveCfg = Debug|Any CPU
		{41A80D43-E5D3-4057-99C2-FD70972EB4CF}.AppStore|iPhoneSimulator.Build.0 = Debug|Any CPU
		{41A80D43-E5D3-4057-99C2-FD70972EB4CF}.AppStore|iPhoneSimulator.Deploy.0 = Debug|Any CPU
		{41A80D43-E5D3-4057-99C2-FD70972EB4CF}.Debug|Any CPU.ActiveCfg = Debug|Any CPU
		{41A80D43-E5D3-4057-99C2-FD70972EB4CF}.Debug|Any CPU.Build.0 = Debug|Any CPU
		{41A80D43-E5D3-4057-99C2-FD70972EB4CF}.Debug|Any CPU.Deploy.0 = Debug|Any CPU
		{41A80D43-E5D3-4057-99C2-FD70972EB4CF}.Debug|iPhone.ActiveCfg = Debug|Any CPU
		{41A80D43-E5D3-4057-99C2-FD70972EB4CF}.Debug|iPhone.Build.0 = Debug|Any CPU
		{41A80D43-E5D3-4057-99C2-FD70972EB4CF}.Debug|iPhone.Deploy.0 = Debug|Any CPU
		{41A80D43-E5D3-4057-99C2-FD70972EB4CF}.Debug|iPhoneSimulator.ActiveCfg = Debug|Any CPU
		{41A80D43-E5D3-4057-99C2-FD70972EB4CF}.Debug|iPhoneSimulator.Build.0 = Debug|Any CPU
		{41A80D43-E5D3-4057-99C2-FD70972EB4CF}.Debug|iPhoneSimulator.Deploy.0 = Debug|Any CPU
		{41A80D43-E5D3-4057-99C2-FD70972EB4CF}.Release|Any CPU.ActiveCfg = Release|Any CPU
		{41A80D43-E5D3-4057-99C2-FD70972EB4CF}.Release|Any CPU.Build.0 = Release|Any CPU
		{41A80D43-E5D3-4057-99C2-FD70972EB4CF}.Release|Any CPU.Deploy.0 = Release|Any CPU
		{41A80D43-E5D3-4057-99C2-FD70972EB4CF}.Release|iPhone.ActiveCfg = Release|Any CPU
		{41A80D43-E5D3-4057-99C2-FD70972EB4CF}.Release|iPhone.Build.0 = Release|Any CPU
		{41A80D43-E5D3-4057-99C2-FD70972EB4CF}.Release|iPhone.Deploy.0 = Release|Any CPU
		{41A80D43-E5D3-4057-99C2-FD70972EB4CF}.Release|iPhoneSimulator.ActiveCfg = Release|Any CPU
		{41A80D43-E5D3-4057-99C2-FD70972EB4CF}.Release|iPhoneSimulator.Build.0 = Release|Any CPU
		{41A80D43-E5D3-4057-99C2-FD70972EB4CF}.Release|iPhoneSimulator.Deploy.0 = Release|Any CPU
	EndGlobalSection
	GlobalSection(SolutionProperties) = preSolution
		HideSolutionNode = FALSE
	EndGlobalSection
	GlobalSection(ExtensibilityGlobals) = postSolution
		SolutionGuid = {F81811CA-D5D0-4252-B1A5-579CADF46BFC}
	EndGlobalSection
EndGlobal
